
Microsoft Visual Studio Solution File, Format Version 11.00
# Visual Studio 2010
Project("{FAE04EC0-301F-11D3-BF4B-00C04F79EFBC}") = "DolEditor", "DolEditor.csproj", "{81972AB2-04D8-4AB8-B429-7909DB65836B}"
EndProject
Global
	GlobalSection(SolutionConfigurationPlatforms) = preSolution
		CD_ROM|Any CPU = CD_ROM|Any CPU
		CD_ROM|x86 = CD_ROM|x86
		Debug|Any CPU = Debug|Any CPU
		Debug|x86 = Debug|x86
		DVD-5|Any CPU = DVD-5|Any CPU
		DVD-5|x86 = DVD-5|x86
		Release|Any CPU = Release|Any CPU
		Release|x86 = Release|x86
		SingleImage|Any CPU = SingleImage|Any CPU
		SingleImage|x86 = SingleImage|x86
	EndGlobalSection
	GlobalSection(ProjectConfigurationPlatforms) = postSolution
		{81972AB2-04D8-4AB8-B429-7909DB65836B}.CD_ROM|Any CPU.ActiveCfg = Release|Any CPU
		{81972AB2-04D8-4AB8-B429-7909DB65836B}.CD_ROM|Any CPU.Build.0 = Release|Any CPU
		{81972AB2-04D8-4AB8-B429-7909DB65836B}.CD_ROM|x86.ActiveCfg = Release|Any CPU
		{81972AB2-04D8-4AB8-B429-7909DB65836B}.Debug|Any CPU.ActiveCfg = Debug|Any CPU
		{81972AB2-04D8-4AB8-B429-7909DB65836B}.Debug|Any CPU.Build.0 = Debug|Any CPU
		{81972AB2-04D8-4AB8-B429-7909DB65836B}.Debug|x86.ActiveCfg = Debug|x86
		{81972AB2-04D8-4AB8-B429-7909DB65836B}.Debug|x86.Build.0 = Debug|x86
		{81972AB2-04D8-4AB8-B429-7909DB65836B}.DVD-5|Any CPU.ActiveCfg = Debug|Any CPU
		{81972AB2-04D8-4AB8-B429-7909DB65836B}.DVD-5|Any CPU.Build.0 = Debug|Any CPU
		{81972AB2-04D8-4AB8-B429-7909DB65836B}.DVD-5|x86.ActiveCfg = Debug|Any CPU
		{81972AB2-04D8-4AB8-B429-7909DB65836B}.Release|Any CPU.ActiveCfg = Release|Any CPU
		{81972AB2-04D8-4AB8-B429-7909DB65836B}.Release|Any CPU.Build.0 = Release|Any CPU
		{81972AB2-04D8-4AB8-B429-7909DB65836B}.Release|x86.ActiveCfg = Release|x86
		{81972AB2-04D8-4AB8-B429-7909DB65836B}.Release|x86.Build.0 = Release|x86
		{81972AB2-04D8-4AB8-B429-7909DB65836B}.SingleImage|Any CPU.ActiveCfg = Release|Any CPU
		{81972AB2-04D8-4AB8-B429-7909DB65836B}.SingleImage|Any CPU.Build.0 = Release|Any CPU
		{81972AB2-04D8-4AB8-B429-7909DB65836B}.SingleImage|x86.ActiveCfg = Release|Any CPU
	EndGlobalSection
	GlobalSection(SolutionProperties) = preSolution
		HideSolutionNode = FALSE
	EndGlobalSection
EndGlobal
